#MicroXplorer Configuration settings - do not modify
Mcu.Family=STM32F0
NVIC.SysTick_IRQn=true\:0\:0\:false\:false\:true\:false\:true
ProjectManager.LastFirmware=true
ProjectManager.MainLocation=Core/Src
RCC.VCOOutput2Freq_Value=8000000
ProjectManager.FirmwarePackage=STM32Cube FW_F0 V1.11.2
MxDb.Version=DB.6.0.21
ProjectManager.ProjectFileName=2b2l.ioc
ProjectManager.BackupPrevious=false
MxCube.Version=6.2.1
ProjectManager.KeepUserCode=true
Mcu.UserName=STM32F072C8Tx
Mcu.PinsNb=5
ProjectManager.NoMain=false
File.Version=6
VP_SYS_VS_Systick.Mode=SysTick
PA10.GPIOParameters=GPIO_Label
PA10.GPIO_Label=LED_2
RCC.PLLCLKFreq_Value=16000000
NVIC.NonMaskableInt_IRQn=true\:0\:0\:false\:false\:true\:false\:false
NVIC.PendSV_IRQn=true\:0\:0\:false\:false\:true\:false\:false
ProjectManager.functionlistsort=1-SystemClock_Config-RCC-false-HAL-false
ProjectManager.FreePins=false
PA3.GPIOParameters=GPIO_Label
RCC.IPParameters=CECFreq_Value,FamilyName,HSICECFreq_Value,PLLCLKFreq_Value,PLLMCOFreq_Value,TimSysFreq_Value,VCOOutput2Freq_Value
ProjectManager.DefaultFWLocation=true
ProjectManager.AskForMigrate=true
Mcu.Name=STM32F072C(8-B)Tx
ProjectManager.HalAssertFull=false
PC14-OSC32_IN.GPIOParameters=GPIO_Label
NVIC.SVC_IRQn=true\:0\:0\:false\:false\:true\:false\:false
ProjectManager.DeletePrevious=true
ProjectManager.ProjectName=2b2l
ProjectManager.UnderRoot=true
PB2.Locked=true
PC14-OSC32_IN.Signal=GPIO_Input
RCC.HSICECFreq_Value=32786.88524590164
RCC.PLLMCOFreq_Value=16000000
ProjectManager.CoupleFile=false
PinOutPanel.RotationAngle=0
Mcu.Package=LQFP48
RCC.FamilyName=M
RCC.TimSysFreq_Value=8000000
ProjectManager.StackSize=0x400
PA3.Locked=true
PA10.Locked=true
NVIC.ForceEnableDMAVector=true
KeepUserPlacement=false
ProjectManager.CompilerOptimize=6
Mcu.IP2=SYS
ProjectManager.ToolChainLocation=
VP_SYS_VS_Systick.Signal=SYS_VS_Systick
Mcu.IP0=NVIC
Mcu.IP1=RCC
PA10.Signal=GPIO_Output
PB2.GPIO_Label=LED_1
ProjectManager.HeapSize=0x200
NVIC.HardFault_IRQn=true\:0\:0\:false\:false\:true\:false\:false
Mcu.UserConstants=
ProjectManager.TargetToolchain=STM32CubeIDE
ProjectManager.ComputerToolchain=false
Mcu.ThirdPartyNb=0
Mcu.IPNb=3
ProjectManager.PreviousToolchain=
RCC.CECFreq_Value=32786.88524590164
PB2.GPIOParameters=GPIO_Label
PC14-OSC32_IN.GPIO_Label=BTN_2
ProjectManager.RegisterCallBack=
Mcu.Pin0=PC14-OSC32_IN
Mcu.Pin1=PA3
Mcu.Pin2=PB2
ProjectManager.CustomerFirmwarePackage=
Mcu.Pin3=PA10
ProjectManager.DeviceId=STM32F072C8Tx
PC14-OSC32_IN.Locked=true
Mcu.Pin4=VP_SYS_VS_Systick
ProjectManager.LibraryCopy=1
ProjectManager.ProjectBuild=false
PA3.GPIO_Label=BTN_1
PA3.Signal=GPIO_Input
PB2.Signal=GPIO_Output
board=custom
isbadioc=false
